
Microsoft Visual Studio Solution File, Format Version 10.00
# Visual Studio 2008
Project("{8BC9CEB8-8B4A-11D0-8D11-00A0C91BC942}") = "segmentation", "segmentation\segmentation.vcproj", "{D7533C0B-5FD7-4177-A254-4F62E5D366C4}"
EndProject
Global
	GlobalSection(SolutionConfigurationPlatforms) = preSolution
		Debug|Win32 = Debug|Win32
		Release|Win32 = Release|Win32
	EndGlobalSection
	GlobalSection(ProjectConfigurationPlatforms) = postSolution
		{D7533C0B-5FD7-4177-A254-4F62E5D366C4}.Debug|Win32.ActiveCfg = Debug|Win32
		{D7533C0B-5FD7-4177-A254-4F62E5D366C4}.Debug|Win32.Build.0 = Debug|Win32
		{D7533C0B-5FD7-4177-A254-4F62E5D366C4}.Release|Win32.ActiveCfg = Release|Win32
		{D7533C0B-5FD7-4177-A254-4F62E5D366C4}.Release|Win32.Build.0 = Release|Win32
	EndGlobalSection
	GlobalSection(SolutionProperties) = preSolution
		HideSolutionNode = FALSE
	EndGlobalSection
EndGlobal
